
Microsoft Visual Studio Solution File, Format Version 12.00
# Visual Studio Express 2013 for Windows Desktop
VisualStudioVersion = 12.0.30110.0
MinimumVisualStudioVersion = 10.0.40219.1
Project("{8BC9CEB8-8B4A-11D0-8D11-00A0C91BC942}") = "PassByReference", "PassByReference\PassByReference.vcxproj", "{9F6AF362-A3FF-41AB-8365-15A5AECB4971}"
EndProject
Project("{8BC9CEB8-8B4A-11D0-8D11-00A0C91BC942}") = "SimpleMenu", "SimpleMenu\SimpleMenu.vcxproj", "{33F45F2B-3805-45AC-A63D-80858154AD09}"
EndProject
Project("{8BC9CEB8-8B4A-11D0-8D11-00A0C91BC942}") = "SimpleLibrary", "SimpleLibrary\SimpleLibrary.vcxproj", "{91610A69-31C9-4B2E-B6AA-C4FB8538D311}"
EndProject
Project("{8BC9CEB8-8B4A-11D0-8D11-00A0C91BC942}") = "DeclaringFunctions", "DeclaringFunctions\DeclaringFunctions.vcxproj", "{56B8AFA7-2BD6-4868-B19F-745F80A2658F}"
EndProject
Global
	GlobalSection(SolutionConfigurationPlatforms) = preSolution
		Debug|Win32 = Debug|Win32
		Release|Win32 = Release|Win32
	EndGlobalSection
	GlobalSection(ProjectConfigurationPlatforms) = postSolution
		{9F6AF362-A3FF-41AB-8365-15A5AECB4971}.Debug|Win32.ActiveCfg = Debug|Win32
		{9F6AF362-A3FF-41AB-8365-15A5AECB4971}.Debug|Win32.Build.0 = Debug|Win32
		{9F6AF362-A3FF-41AB-8365-15A5AECB4971}.Release|Win32.ActiveCfg = Release|Win32
		{9F6AF362-A3FF-41AB-8365-15A5AECB4971}.Release|Win32.Build.0 = Release|Win32
		{33F45F2B-3805-45AC-A63D-80858154AD09}.Debug|Win32.ActiveCfg = Debug|Win32
		{33F45F2B-3805-45AC-A63D-80858154AD09}.Debug|Win32.Build.0 = Debug|Win32
		{33F45F2B-3805-45AC-A63D-80858154AD09}.Release|Win32.ActiveCfg = Release|Win32
		{33F45F2B-3805-45AC-A63D-80858154AD09}.Release|Win32.Build.0 = Release|Win32
		{91610A69-31C9-4B2E-B6AA-C4FB8538D311}.Debug|Win32.ActiveCfg = Debug|Win32
		{91610A69-31C9-4B2E-B6AA-C4FB8538D311}.Debug|Win32.Build.0 = Debug|Win32
		{91610A69-31C9-4B2E-B6AA-C4FB8538D311}.Release|Win32.ActiveCfg = Release|Win32
		{91610A69-31C9-4B2E-B6AA-C4FB8538D311}.Release|Win32.Build.0 = Release|Win32
		{56B8AFA7-2BD6-4868-B19F-745F80A2658F}.Debug|Win32.ActiveCfg = Debug|Win32
		{56B8AFA7-2BD6-4868-B19F-745F80A2658F}.Debug|Win32.Build.0 = Debug|Win32
		{56B8AFA7-2BD6-4868-B19F-745F80A2658F}.Release|Win32.ActiveCfg = Release|Win32
		{56B8AFA7-2BD6-4868-B19F-745F80A2658F}.Release|Win32.Build.0 = Release|Win32
	EndGlobalSection
	GlobalSection(SolutionProperties) = preSolution
		HideSolutionNode = FALSE
	EndGlobalSection
EndGlobal
