
Microsoft Visual Studio Solution File, Format Version 12.00
# Visual Studio Express 2013 for Windows Desktop
VisualStudioVersion = 12.0.30110.0
MinimumVisualStudioVersion = 10.0.40219.1
Project("{8BC9CEB8-8B4A-11D0-8D11-00A0C91BC942}") = "VariableDemo", "VariableDemo\VariableDemo.vcxproj", "{5CE6B1D2-6EF5-4246-9EC4-13F8A0B23FDE}"
EndProject
Project("{8BC9CEB8-8B4A-11D0-8D11-00A0C91BC942}") = "SimpleMenu", "SimpleMenu\SimpleMenu.vcxproj", "{D9C54C7B-9DD8-4DAE-8757-14AC8A20B399}"
EndProject
Project("{8BC9CEB8-8B4A-11D0-8D11-00A0C91BC942}") = "WriteFileDemo", "WriteFileDemo\WriteFileDemo.vcxproj", "{88B11A52-F780-4F36-9D38-40D3562BF370}"
EndProject
Project("{8BC9CEB8-8B4A-11D0-8D11-00A0C91BC942}") = "ReadFileDemo", "ReadFileDemo\ReadFileDemo.vcxproj", "{2679E90C-E198-4157-8130-D2083423D243}"
EndProject
Project("{8BC9CEB8-8B4A-11D0-8D11-00A0C91BC942}") = "Functions", "Functions\Functions.vcxproj", "{569A3C45-CBB5-49A6-86D1-939ECE42CD0D}"
EndProject
Project("{8BC9CEB8-8B4A-11D0-8D11-00A0C91BC942}") = "Arrays", "Arrays\Arrays.vcxproj", "{065F50F9-B46B-4930-99CF-7C455A9AE2BA}"
EndProject
Project("{8BC9CEB8-8B4A-11D0-8D11-00A0C91BC942}") = "Recursion", "Recursion\Recursion.vcxproj", "{F5F91D4B-3A8D-4EFA-ABA9-22FD13B4F803}"
EndProject
Project("{8BC9CEB8-8B4A-11D0-8D11-00A0C91BC942}") = "Recursion2", "Recursion2\Recursion2.vcxproj", "{A17554A2-4DF3-4CEA-9108-A68DC7AA13E5}"
EndProject
Project("{8BC9CEB8-8B4A-11D0-8D11-00A0C91BC942}") = "BinarySearch", "BinarySearch\BinarySearch.vcxproj", "{7757A678-C4D0-4D5D-B037-B84A3F0A3AD3}"
EndProject
Project("{8BC9CEB8-8B4A-11D0-8D11-00A0C91BC942}") = "QuickSort", "QuickSort\QuickSort.vcxproj", "{9B9BA98B-D0FE-479A-81BF-CA9C6C62645C}"
EndProject
Project("{8BC9CEB8-8B4A-11D0-8D11-00A0C91BC942}") = "Pointers", "Pointers\Pointers.vcxproj", "{A6E4C56D-6B47-4174-863B-B996FC0F9467}"
EndProject
Project("{8BC9CEB8-8B4A-11D0-8D11-00A0C91BC942}") = "PassByReference", "PassByReference\PassByReference.vcxproj", "{B8F6A37E-210C-4F79-829C-8564F625B89F}"
EndProject
Project("{8BC9CEB8-8B4A-11D0-8D11-00A0C91BC942}") = "DynamicArrays", "DynamicArrays\DynamicArrays.vcxproj", "{2A391E89-DA54-46D2-BA80-49C971845E6E}"
EndProject
Project("{8BC9CEB8-8B4A-11D0-8D11-00A0C91BC942}") = "QuizReiview", "QuizReiview\QuizReiview.vcxproj", "{9EB9459F-82F8-42E9-93DE-A4B56EB10D35}"
EndProject
Project("{8BC9CEB8-8B4A-11D0-8D11-00A0C91BC942}") = "HW3_starter", "HW3_starter\HW3_starter.vcxproj", "{FE5726B4-6A29-4637-96BD-8D20AD4284CC}"
EndProject
Project("{8BC9CEB8-8B4A-11D0-8D11-00A0C91BC942}") = "Structures", "Structures\Structures.vcxproj", "{5AEA67FF-FBB0-4930-B0DF-6CC1FE51AB32}"
EndProject
Project("{8BC9CEB8-8B4A-11D0-8D11-00A0C91BC942}") = "Lab7_starter", "Lab7_starter\Lab7_starter.vcxproj", "{527BBDFB-E2C4-49E6-B445-B727DD28E790}"
EndProject
Project("{8BC9CEB8-8B4A-11D0-8D11-00A0C91BC942}") = "StructureStacks", "StructureStacks\StructureStacks.vcxproj", "{294888AD-2B46-4CB4-95CE-B5ED2337C39D}"
EndProject
Project("{8BC9CEB8-8B4A-11D0-8D11-00A0C91BC942}") = "StructureStackWithPointers", "StructureStackWithPointers\StructureStackWithPointers.vcxproj", "{43120741-3201-4B9A-A96B-89A429FE8FF3}"
EndProject
Project("{8BC9CEB8-8B4A-11D0-8D11-00A0C91BC942}") = "StructuresAndPointers", "StructuresAndPointers\StructuresAndPointers.vcxproj", "{5576023E-C2C9-4FA0-A9CD-E1CD78DEC5D6}"
EndProject
Project("{8BC9CEB8-8B4A-11D0-8D11-00A0C91BC942}") = "StructureConstructors", "StructureConstructors\StructureConstructors.vcxproj", "{5B2298A7-613B-456F-9773-C5E66F289B3B}"
EndProject
Project("{8BC9CEB8-8B4A-11D0-8D11-00A0C91BC942}") = "LinkedStructures", "LinkedStructures\LinkedStructures.vcxproj", "{DAF6E46C-DB8B-4C4E-8F59-3F8A7FE5D43F}"
EndProject
Project("{8BC9CEB8-8B4A-11D0-8D11-00A0C91BC942}") = "LinkedDonuts", "LinkedDonuts\LinkedDonuts.vcxproj", "{804E105A-32A1-4720-B35C-090529E7B135}"
EndProject
Project("{8BC9CEB8-8B4A-11D0-8D11-00A0C91BC942}") = "LinkedDonutDataType", "LinkedDonutDataType\LinkedDonutDataType.vcxproj", "{B4D6C55F-A498-4519-BE35-9C1AE2556077}"
EndProject
Project("{8BC9CEB8-8B4A-11D0-8D11-00A0C91BC942}") = "BinarySearchTrees", "BinarySearchTrees\BinarySearchTrees.vcxproj", "{939EAE65-332E-4709-BE52-D6C25158B4C1}"
EndProject
Project("{8BC9CEB8-8B4A-11D0-8D11-00A0C91BC942}") = "OverloadingAndOverriding", "OverloadingAndOverriding\OverloadingAndOverriding.vcxproj", "{8FF0B80B-9A09-4DFA-8AB3-CC62EBEAD616}"
EndProject
Project("{8BC9CEB8-8B4A-11D0-8D11-00A0C91BC942}") = "Poly", "Poly\Poly.vcxproj", "{25EEB141-048B-4AFF-86BA-CBE976C12B7C}"
EndProject
Project("{8BC9CEB8-8B4A-11D0-8D11-00A0C91BC942}") = "Templates", "Templates\Templates.vcxproj", "{D58F52F9-7198-4C6D-8DF3-27AD7E526C86}"
EndProject
Global
	GlobalSection(SolutionConfigurationPlatforms) = preSolution
		Debug|Win32 = Debug|Win32
		Release|Win32 = Release|Win32
	EndGlobalSection
	GlobalSection(ProjectConfigurationPlatforms) = postSolution
		{5CE6B1D2-6EF5-4246-9EC4-13F8A0B23FDE}.Debug|Win32.ActiveCfg = Debug|Win32
		{5CE6B1D2-6EF5-4246-9EC4-13F8A0B23FDE}.Debug|Win32.Build.0 = Debug|Win32
		{5CE6B1D2-6EF5-4246-9EC4-13F8A0B23FDE}.Release|Win32.ActiveCfg = Release|Win32
		{5CE6B1D2-6EF5-4246-9EC4-13F8A0B23FDE}.Release|Win32.Build.0 = Release|Win32
		{D9C54C7B-9DD8-4DAE-8757-14AC8A20B399}.Debug|Win32.ActiveCfg = Debug|Win32
		{D9C54C7B-9DD8-4DAE-8757-14AC8A20B399}.Debug|Win32.Build.0 = Debug|Win32
		{D9C54C7B-9DD8-4DAE-8757-14AC8A20B399}.Release|Win32.ActiveCfg = Release|Win32
		{D9C54C7B-9DD8-4DAE-8757-14AC8A20B399}.Release|Win32.Build.0 = Release|Win32
		{88B11A52-F780-4F36-9D38-40D3562BF370}.Debug|Win32.ActiveCfg = Debug|Win32
		{88B11A52-F780-4F36-9D38-40D3562BF370}.Debug|Win32.Build.0 = Debug|Win32
		{88B11A52-F780-4F36-9D38-40D3562BF370}.Release|Win32.ActiveCfg = Release|Win32
		{88B11A52-F780-4F36-9D38-40D3562BF370}.Release|Win32.Build.0 = Release|Win32
		{2679E90C-E198-4157-8130-D2083423D243}.Debug|Win32.ActiveCfg = Debug|Win32
		{2679E90C-E198-4157-8130-D2083423D243}.Debug|Win32.Build.0 = Debug|Win32
		{2679E90C-E198-4157-8130-D2083423D243}.Release|Win32.ActiveCfg = Release|Win32
		{2679E90C-E198-4157-8130-D2083423D243}.Release|Win32.Build.0 = Release|Win32
		{569A3C45-CBB5-49A6-86D1-939ECE42CD0D}.Debug|Win32.ActiveCfg = Debug|Win32
		{569A3C45-CBB5-49A6-86D1-939ECE42CD0D}.Debug|Win32.Build.0 = Debug|Win32
		{569A3C45-CBB5-49A6-86D1-939ECE42CD0D}.Release|Win32.ActiveCfg = Release|Win32
		{569A3C45-CBB5-49A6-86D1-939ECE42CD0D}.Release|Win32.Build.0 = Release|Win32
		{065F50F9-B46B-4930-99CF-7C455A9AE2BA}.Debug|Win32.ActiveCfg = Debug|Win32
		{065F50F9-B46B-4930-99CF-7C455A9AE2BA}.Debug|Win32.Build.0 = Debug|Win32
		{065F50F9-B46B-4930-99CF-7C455A9AE2BA}.Release|Win32.ActiveCfg = Release|Win32
		{065F50F9-B46B-4930-99CF-7C455A9AE2BA}.Release|Win32.Build.0 = Release|Win32
		{F5F91D4B-3A8D-4EFA-ABA9-22FD13B4F803}.Debug|Win32.ActiveCfg = Debug|Win32
		{F5F91D4B-3A8D-4EFA-ABA9-22FD13B4F803}.Debug|Win32.Build.0 = Debug|Win32
		{F5F91D4B-3A8D-4EFA-ABA9-22FD13B4F803}.Release|Win32.ActiveCfg = Release|Win32
		{F5F91D4B-3A8D-4EFA-ABA9-22FD13B4F803}.Release|Win32.Build.0 = Release|Win32
		{A17554A2-4DF3-4CEA-9108-A68DC7AA13E5}.Debug|Win32.ActiveCfg = Debug|Win32
		{A17554A2-4DF3-4CEA-9108-A68DC7AA13E5}.Debug|Win32.Build.0 = Debug|Win32
		{A17554A2-4DF3-4CEA-9108-A68DC7AA13E5}.Release|Win32.ActiveCfg = Release|Win32
		{A17554A2-4DF3-4CEA-9108-A68DC7AA13E5}.Release|Win32.Build.0 = Release|Win32
		{7757A678-C4D0-4D5D-B037-B84A3F0A3AD3}.Debug|Win32.ActiveCfg = Debug|Win32
		{7757A678-C4D0-4D5D-B037-B84A3F0A3AD3}.Debug|Win32.Build.0 = Debug|Win32
		{7757A678-C4D0-4D5D-B037-B84A3F0A3AD3}.Release|Win32.ActiveCfg = Release|Win32
		{7757A678-C4D0-4D5D-B037-B84A3F0A3AD3}.Release|Win32.Build.0 = Release|Win32
		{9B9BA98B-D0FE-479A-81BF-CA9C6C62645C}.Debug|Win32.ActiveCfg = Debug|Win32
		{9B9BA98B-D0FE-479A-81BF-CA9C6C62645C}.Debug|Win32.Build.0 = Debug|Win32
		{9B9BA98B-D0FE-479A-81BF-CA9C6C62645C}.Release|Win32.ActiveCfg = Release|Win32
		{9B9BA98B-D0FE-479A-81BF-CA9C6C62645C}.Release|Win32.Build.0 = Release|Win32
		{A6E4C56D-6B47-4174-863B-B996FC0F9467}.Debug|Win32.ActiveCfg = Debug|Win32
		{A6E4C56D-6B47-4174-863B-B996FC0F9467}.Debug|Win32.Build.0 = Debug|Win32
		{A6E4C56D-6B47-4174-863B-B996FC0F9467}.Release|Win32.ActiveCfg = Release|Win32
		{A6E4C56D-6B47-4174-863B-B996FC0F9467}.Release|Win32.Build.0 = Release|Win32
		{B8F6A37E-210C-4F79-829C-8564F625B89F}.Debug|Win32.ActiveCfg = Debug|Win32
		{B8F6A37E-210C-4F79-829C-8564F625B89F}.Debug|Win32.Build.0 = Debug|Win32
		{B8F6A37E-210C-4F79-829C-8564F625B89F}.Release|Win32.ActiveCfg = Release|Win32
		{B8F6A37E-210C-4F79-829C-8564F625B89F}.Release|Win32.Build.0 = Release|Win32
		{2A391E89-DA54-46D2-BA80-49C971845E6E}.Debug|Win32.ActiveCfg = Debug|Win32
		{2A391E89-DA54-46D2-BA80-49C971845E6E}.Debug|Win32.Build.0 = Debug|Win32
		{2A391E89-DA54-46D2-BA80-49C971845E6E}.Release|Win32.ActiveCfg = Release|Win32
		{2A391E89-DA54-46D2-BA80-49C971845E6E}.Release|Win32.Build.0 = Release|Win32
		{9EB9459F-82F8-42E9-93DE-A4B56EB10D35}.Debug|Win32.ActiveCfg = Debug|Win32
		{9EB9459F-82F8-42E9-93DE-A4B56EB10D35}.Debug|Win32.Build.0 = Debug|Win32
		{9EB9459F-82F8-42E9-93DE-A4B56EB10D35}.Release|Win32.ActiveCfg = Release|Win32
		{9EB9459F-82F8-42E9-93DE-A4B56EB10D35}.Release|Win32.Build.0 = Release|Win32
		{FE5726B4-6A29-4637-96BD-8D20AD4284CC}.Debug|Win32.ActiveCfg = Debug|Win32
		{FE5726B4-6A29-4637-96BD-8D20AD4284CC}.Debug|Win32.Build.0 = Debug|Win32
		{FE5726B4-6A29-4637-96BD-8D20AD4284CC}.Release|Win32.ActiveCfg = Release|Win32
		{FE5726B4-6A29-4637-96BD-8D20AD4284CC}.Release|Win32.Build.0 = Release|Win32
		{5AEA67FF-FBB0-4930-B0DF-6CC1FE51AB32}.Debug|Win32.ActiveCfg = Debug|Win32
		{5AEA67FF-FBB0-4930-B0DF-6CC1FE51AB32}.Debug|Win32.Build.0 = Debug|Win32
		{5AEA67FF-FBB0-4930-B0DF-6CC1FE51AB32}.Release|Win32.ActiveCfg = Release|Win32
		{5AEA67FF-FBB0-4930-B0DF-6CC1FE51AB32}.Release|Win32.Build.0 = Release|Win32
		{527BBDFB-E2C4-49E6-B445-B727DD28E790}.Debug|Win32.ActiveCfg = Debug|Win32
		{527BBDFB-E2C4-49E6-B445-B727DD28E790}.Debug|Win32.Build.0 = Debug|Win32
		{527BBDFB-E2C4-49E6-B445-B727DD28E790}.Release|Win32.ActiveCfg = Release|Win32
		{527BBDFB-E2C4-49E6-B445-B727DD28E790}.Release|Win32.Build.0 = Release|Win32
		{294888AD-2B46-4CB4-95CE-B5ED2337C39D}.Debug|Win32.ActiveCfg = Debug|Win32
		{294888AD-2B46-4CB4-95CE-B5ED2337C39D}.Debug|Win32.Build.0 = Debug|Win32
		{294888AD-2B46-4CB4-95CE-B5ED2337C39D}.Release|Win32.ActiveCfg = Release|Win32
		{294888AD-2B46-4CB4-95CE-B5ED2337C39D}.Release|Win32.Build.0 = Release|Win32
		{43120741-3201-4B9A-A96B-89A429FE8FF3}.Debug|Win32.ActiveCfg = Debug|Win32
		{43120741-3201-4B9A-A96B-89A429FE8FF3}.Debug|Win32.Build.0 = Debug|Win32
		{43120741-3201-4B9A-A96B-89A429FE8FF3}.Release|Win32.ActiveCfg = Release|Win32
		{43120741-3201-4B9A-A96B-89A429FE8FF3}.Release|Win32.Build.0 = Release|Win32
		{5576023E-C2C9-4FA0-A9CD-E1CD78DEC5D6}.Debug|Win32.ActiveCfg = Debug|Win32
		{5576023E-C2C9-4FA0-A9CD-E1CD78DEC5D6}.Debug|Win32.Build.0 = Debug|Win32
		{5576023E-C2C9-4FA0-A9CD-E1CD78DEC5D6}.Release|Win32.ActiveCfg = Release|Win32
		{5576023E-C2C9-4FA0-A9CD-E1CD78DEC5D6}.Release|Win32.Build.0 = Release|Win32
		{5B2298A7-613B-456F-9773-C5E66F289B3B}.Debug|Win32.ActiveCfg = Debug|Win32
		{5B2298A7-613B-456F-9773-C5E66F289B3B}.Debug|Win32.Build.0 = Debug|Win32
		{5B2298A7-613B-456F-9773-C5E66F289B3B}.Release|Win32.ActiveCfg = Release|Win32
		{5B2298A7-613B-456F-9773-C5E66F289B3B}.Release|Win32.Build.0 = Release|Win32
		{DAF6E46C-DB8B-4C4E-8F59-3F8A7FE5D43F}.Debug|Win32.ActiveCfg = Debug|Win32
		{DAF6E46C-DB8B-4C4E-8F59-3F8A7FE5D43F}.Debug|Win32.Build.0 = Debug|Win32
		{DAF6E46C-DB8B-4C4E-8F59-3F8A7FE5D43F}.Release|Win32.ActiveCfg = Release|Win32
		{DAF6E46C-DB8B-4C4E-8F59-3F8A7FE5D43F}.Release|Win32.Build.0 = Release|Win32
		{804E105A-32A1-4720-B35C-090529E7B135}.Debug|Win32.ActiveCfg = Debug|Win32
		{804E105A-32A1-4720-B35C-090529E7B135}.Debug|Win32.Build.0 = Debug|Win32
		{804E105A-32A1-4720-B35C-090529E7B135}.Release|Win32.ActiveCfg = Release|Win32
		{804E105A-32A1-4720-B35C-090529E7B135}.Release|Win32.Build.0 = Release|Win32
		{B4D6C55F-A498-4519-BE35-9C1AE2556077}.Debug|Win32.ActiveCfg = Debug|Win32
		{B4D6C55F-A498-4519-BE35-9C1AE2556077}.Debug|Win32.Build.0 = Debug|Win32
		{B4D6C55F-A498-4519-BE35-9C1AE2556077}.Release|Win32.ActiveCfg = Release|Win32
		{B4D6C55F-A498-4519-BE35-9C1AE2556077}.Release|Win32.Build.0 = Release|Win32
		{939EAE65-332E-4709-BE52-D6C25158B4C1}.Debug|Win32.ActiveCfg = Debug|Win32
		{939EAE65-332E-4709-BE52-D6C25158B4C1}.Debug|Win32.Build.0 = Debug|Win32
		{939EAE65-332E-4709-BE52-D6C25158B4C1}.Release|Win32.ActiveCfg = Release|Win32
		{939EAE65-332E-4709-BE52-D6C25158B4C1}.Release|Win32.Build.0 = Release|Win32
		{8FF0B80B-9A09-4DFA-8AB3-CC62EBEAD616}.Debug|Win32.ActiveCfg = Debug|Win32
		{8FF0B80B-9A09-4DFA-8AB3-CC62EBEAD616}.Debug|Win32.Build.0 = Debug|Win32
		{8FF0B80B-9A09-4DFA-8AB3-CC62EBEAD616}.Release|Win32.ActiveCfg = Release|Win32
		{8FF0B80B-9A09-4DFA-8AB3-CC62EBEAD616}.Release|Win32.Build.0 = Release|Win32
		{25EEB141-048B-4AFF-86BA-CBE976C12B7C}.Debug|Win32.ActiveCfg = Debug|Win32
		{25EEB141-048B-4AFF-86BA-CBE976C12B7C}.Debug|Win32.Build.0 = Debug|Win32
		{25EEB141-048B-4AFF-86BA-CBE976C12B7C}.Release|Win32.ActiveCfg = Release|Win32
		{25EEB141-048B-4AFF-86BA-CBE976C12B7C}.Release|Win32.Build.0 = Release|Win32
		{D58F52F9-7198-4C6D-8DF3-27AD7E526C86}.Debug|Win32.ActiveCfg = Debug|Win32
		{D58F52F9-7198-4C6D-8DF3-27AD7E526C86}.Debug|Win32.Build.0 = Debug|Win32
		{D58F52F9-7198-4C6D-8DF3-27AD7E526C86}.Release|Win32.ActiveCfg = Release|Win32
		{D58F52F9-7198-4C6D-8DF3-27AD7E526C86}.Release|Win32.Build.0 = Release|Win32
	EndGlobalSection
	GlobalSection(SolutionProperties) = preSolution
		HideSolutionNode = FALSE
	EndGlobalSection
EndGlobal
