
Microsoft Visual Studio Solution File, Format Version 12.00
# Visual Studio Express 2013 for Windows Desktop
VisualStudioVersion = 12.0.30110.0
MinimumVisualStudioVersion = 10.0.40219.1
Project("{8BC9CEB8-8B4A-11D0-8D11-00A0C91BC942}") = "Lab1", "Lab1\Lab1.vcxproj", "{A1BED6D9-60FB-4D60-AD7F-4CE6F7078696}"
EndProject
Project("{8BC9CEB8-8B4A-11D0-8D11-00A0C91BC942}") = "Lab2", "Lab2\Lab2.vcxproj", "{5703AE84-6971-49E5-AE13-615F03C67B8C}"
EndProject
Project("{8BC9CEB8-8B4A-11D0-8D11-00A0C91BC942}") = "Lab3-Searching", "Lab3-Searching\Lab3-Searching.vcxproj", "{8C696EC4-853F-4CA2-BC1E-FAF27B569327}"
EndProject
Global
	GlobalSection(SolutionConfigurationPlatforms) = preSolution
		Debug|Win32 = Debug|Win32
		Release|Win32 = Release|Win32
	EndGlobalSection
	GlobalSection(ProjectConfigurationPlatforms) = postSolution
		{A1BED6D9-60FB-4D60-AD7F-4CE6F7078696}.Debug|Win32.ActiveCfg = Debug|Win32
		{A1BED6D9-60FB-4D60-AD7F-4CE6F7078696}.Debug|Win32.Build.0 = Debug|Win32
		{A1BED6D9-60FB-4D60-AD7F-4CE6F7078696}.Release|Win32.ActiveCfg = Release|Win32
		{A1BED6D9-60FB-4D60-AD7F-4CE6F7078696}.Release|Win32.Build.0 = Release|Win32
		{5703AE84-6971-49E5-AE13-615F03C67B8C}.Debug|Win32.ActiveCfg = Debug|Win32
		{5703AE84-6971-49E5-AE13-615F03C67B8C}.Debug|Win32.Build.0 = Debug|Win32
		{5703AE84-6971-49E5-AE13-615F03C67B8C}.Release|Win32.ActiveCfg = Release|Win32
		{5703AE84-6971-49E5-AE13-615F03C67B8C}.Release|Win32.Build.0 = Release|Win32
		{8C696EC4-853F-4CA2-BC1E-FAF27B569327}.Debug|Win32.ActiveCfg = Debug|Win32
		{8C696EC4-853F-4CA2-BC1E-FAF27B569327}.Debug|Win32.Build.0 = Debug|Win32
		{8C696EC4-853F-4CA2-BC1E-FAF27B569327}.Release|Win32.ActiveCfg = Release|Win32
		{8C696EC4-853F-4CA2-BC1E-FAF27B569327}.Release|Win32.Build.0 = Release|Win32
	EndGlobalSection
	GlobalSection(SolutionProperties) = preSolution
		HideSolutionNode = FALSE
	EndGlobalSection
EndGlobal
