
Microsoft Visual Studio Solution File, Format Version 12.00
# Visual Studio Express 2013 for Windows Desktop
VisualStudioVersion = 12.0.30110.0
MinimumVisualStudioVersion = 10.0.40219.1
Project("{8BC9CEB8-8B4A-11D0-8D11-00A0C91BC942}") = "Lab1", "Lab1\Lab1.vcxproj", "{A1BED6D9-60FB-4D60-AD7F-4CE6F7078696}"
EndProject
Project("{8BC9CEB8-8B4A-11D0-8D11-00A0C91BC942}") = "Lab2", "Lab2\Lab2.vcxproj", "{5703AE84-6971-49E5-AE13-615F03C67B8C}"
EndProject
Project("{8BC9CEB8-8B4A-11D0-8D11-00A0C91BC942}") = "HW1_Login_Registration", "HW1_Login_Registration\HW1_Login_Registration.vcxproj", "{7B4B5C9C-38DF-4D66-8FB0-F46357AA95A4}"
EndProject
<<<<<<< HEAD
Project("{8BC9CEB8-8B4A-11D0-8D11-00A0C91BC942}") = "Lab8", "Lab8\Lab8.vcxproj", "{95CE18F3-3DC2-451E-9A90-1BA894E3176A}"
EndProject
Project("{8BC9CEB8-8B4A-11D0-8D11-00A0C91BC942}") = "Lab 9 Linked Lists", "Lab 9 Linked Lists\Lab 9 Linked Lists.vcxproj", "{798B0147-3D25-4768-85C5-958E2AA1C410}"
EndProject
Project("{8BC9CEB8-8B4A-11D0-8D11-00A0C91BC942}") = "Lab10Starter", "Lab10Starter\Lab10Starter.vcxproj", "{DF9B0FED-8301-4A77-BD72-A955A91FD54C}"
=======
Project("{8BC9CEB8-8B4A-11D0-8D11-00A0C91BC942}") = "Lab_5_Stacks", "Lab_5_Stacks\Lab_5_Stacks.vcxproj", "{05091B04-ED80-40CD-8439-C7BA7C5335B0}"
EndProject
Project("{8BC9CEB8-8B4A-11D0-8D11-00A0C91BC942}") = "Lab5 Dynamic Arrays", "Lab5 Dynamic Arrays\Lab5 Dynamic Arrays.vcxproj", "{AD820935-A41A-4FC2-8C78-79AE7B7C91B4}"
>>>>>>> Lab_5_Dynamic_Arrays
EndProject
Global
	GlobalSection(SolutionConfigurationPlatforms) = preSolution
		Debug|Win32 = Debug|Win32
		Release|Win32 = Release|Win32
	EndGlobalSection
	GlobalSection(ProjectConfigurationPlatforms) = postSolution
		{A1BED6D9-60FB-4D60-AD7F-4CE6F7078696}.Debug|Win32.ActiveCfg = Debug|Win32
		{A1BED6D9-60FB-4D60-AD7F-4CE6F7078696}.Debug|Win32.Build.0 = Debug|Win32
		{A1BED6D9-60FB-4D60-AD7F-4CE6F7078696}.Release|Win32.ActiveCfg = Release|Win32
		{A1BED6D9-60FB-4D60-AD7F-4CE6F7078696}.Release|Win32.Build.0 = Release|Win32
		{5703AE84-6971-49E5-AE13-615F03C67B8C}.Debug|Win32.ActiveCfg = Debug|Win32
		{5703AE84-6971-49E5-AE13-615F03C67B8C}.Debug|Win32.Build.0 = Debug|Win32
		{5703AE84-6971-49E5-AE13-615F03C67B8C}.Release|Win32.ActiveCfg = Release|Win32
		{5703AE84-6971-49E5-AE13-615F03C67B8C}.Release|Win32.Build.0 = Release|Win32
		{7B4B5C9C-38DF-4D66-8FB0-F46357AA95A4}.Debug|Win32.ActiveCfg = Debug|Win32
		{7B4B5C9C-38DF-4D66-8FB0-F46357AA95A4}.Debug|Win32.Build.0 = Debug|Win32
		{7B4B5C9C-38DF-4D66-8FB0-F46357AA95A4}.Release|Win32.ActiveCfg = Release|Win32
		{7B4B5C9C-38DF-4D66-8FB0-F46357AA95A4}.Release|Win32.Build.0 = Release|Win32
<<<<<<< HEAD
		{95CE18F3-3DC2-451E-9A90-1BA894E3176A}.Debug|Win32.ActiveCfg = Debug|Win32
		{95CE18F3-3DC2-451E-9A90-1BA894E3176A}.Debug|Win32.Build.0 = Debug|Win32
		{95CE18F3-3DC2-451E-9A90-1BA894E3176A}.Release|Win32.ActiveCfg = Release|Win32
		{95CE18F3-3DC2-451E-9A90-1BA894E3176A}.Release|Win32.Build.0 = Release|Win32
		{798B0147-3D25-4768-85C5-958E2AA1C410}.Debug|Win32.ActiveCfg = Debug|Win32
		{798B0147-3D25-4768-85C5-958E2AA1C410}.Debug|Win32.Build.0 = Debug|Win32
		{798B0147-3D25-4768-85C5-958E2AA1C410}.Release|Win32.ActiveCfg = Release|Win32
		{798B0147-3D25-4768-85C5-958E2AA1C410}.Release|Win32.Build.0 = Release|Win32
		{DF9B0FED-8301-4A77-BD72-A955A91FD54C}.Debug|Win32.ActiveCfg = Debug|Win32
		{DF9B0FED-8301-4A77-BD72-A955A91FD54C}.Debug|Win32.Build.0 = Debug|Win32
		{DF9B0FED-8301-4A77-BD72-A955A91FD54C}.Release|Win32.ActiveCfg = Release|Win32
		{DF9B0FED-8301-4A77-BD72-A955A91FD54C}.Release|Win32.Build.0 = Release|Win32
=======
		{05091B04-ED80-40CD-8439-C7BA7C5335B0}.Debug|Win32.ActiveCfg = Debug|Win32
		{05091B04-ED80-40CD-8439-C7BA7C5335B0}.Debug|Win32.Build.0 = Debug|Win32
		{05091B04-ED80-40CD-8439-C7BA7C5335B0}.Release|Win32.ActiveCfg = Release|Win32
		{05091B04-ED80-40CD-8439-C7BA7C5335B0}.Release|Win32.Build.0 = Release|Win32
		{AD820935-A41A-4FC2-8C78-79AE7B7C91B4}.Debug|Win32.ActiveCfg = Debug|Win32
		{AD820935-A41A-4FC2-8C78-79AE7B7C91B4}.Debug|Win32.Build.0 = Debug|Win32
		{AD820935-A41A-4FC2-8C78-79AE7B7C91B4}.Release|Win32.ActiveCfg = Release|Win32
		{AD820935-A41A-4FC2-8C78-79AE7B7C91B4}.Release|Win32.Build.0 = Release|Win32
>>>>>>> Lab_5_Dynamic_Arrays
	EndGlobalSection
	GlobalSection(SolutionProperties) = preSolution
		HideSolutionNode = FALSE
	EndGlobalSection
EndGlobal
