
Microsoft Visual Studio Solution File, Format Version 12.00
# Visual Studio Express 2013 for Windows Desktop
VisualStudioVersion = 12.0.30110.0
MinimumVisualStudioVersion = 10.0.40219.1
Project("{8BC9CEB8-8B4A-11D0-8D11-00A0C91BC942}") = "Lab1", "Lab1\Lab1.vcxproj", "{A1BED6D9-60FB-4D60-AD7F-4CE6F7078696}"
EndProject
Project("{8BC9CEB8-8B4A-11D0-8D11-00A0C91BC942}") = "Lab2", "Lab2\Lab2.vcxproj", "{5703AE84-6971-49E5-AE13-615F03C67B8C}"
EndProject
Project("{8BC9CEB8-8B4A-11D0-8D11-00A0C91BC942}") = "HW1_Login_Registration", "HW1_Login_Registration\HW1_Login_Registration.vcxproj", "{7B4B5C9C-38DF-4D66-8FB0-F46357AA95A4}"
EndProject
Project("{8BC9CEB8-8B4A-11D0-8D11-00A0C91BC942}") = "Lab8", "Lab8\Lab8.vcxproj", "{95CE18F3-3DC2-451E-9A90-1BA894E3176A}"
EndProject
Project("{8BC9CEB8-8B4A-11D0-8D11-00A0C91BC942}") = "Lab 9 Linked Lists", "Lab 9 Linked Lists\Lab 9 Linked Lists.vcxproj", "{798B0147-3D25-4768-85C5-958E2AA1C410}"
EndProject
Project("{8BC9CEB8-8B4A-11D0-8D11-00A0C91BC942}") = "Lab_11_Binary_Trees", "Lab_10_Binary_Trees\Lab_10_Binary_Trees.vcxproj", "{55DB2CD0-8532-4DFF-8A85-F900EE1E9B20}"
EndProject
Project("{8BC9CEB8-8B4A-11D0-8D11-00A0C91BC942}") = "Lab_11_Inheritance", "Lab_11_Inheritance\Lab_11_Inheritance.vcxproj", "{43FCE027-56A8-48DE-86F8-C38F46747FBA}"
EndProject
Project("{8BC9CEB8-8B4A-11D0-8D11-00A0C91BC942}") = "Inheritance", "Inheritance\Inheritance.vcxproj", "{2B5CD8F2-2968-46BB-BCF3-E8D3F5661001}"
EndProject
Project("{8BC9CEB8-8B4A-11D0-8D11-00A0C91BC942}") = "Lab 7 - Dynamic Structures", "Lab 7 - Dynamic Structures\Lab 7 - Dynamic Structures.vcxproj", "{59CE473D-8439-42E2-B009-7E7C313564F1}"
EndProject
Global
	GlobalSection(SolutionConfigurationPlatforms) = preSolution
		Debug|Win32 = Debug|Win32
		Release|Win32 = Release|Win32
	EndGlobalSection
	GlobalSection(ProjectConfigurationPlatforms) = postSolution
		{A1BED6D9-60FB-4D60-AD7F-4CE6F7078696}.Debug|Win32.ActiveCfg = Debug|Win32
		{A1BED6D9-60FB-4D60-AD7F-4CE6F7078696}.Debug|Win32.Build.0 = Debug|Win32
		{A1BED6D9-60FB-4D60-AD7F-4CE6F7078696}.Release|Win32.ActiveCfg = Release|Win32
		{A1BED6D9-60FB-4D60-AD7F-4CE6F7078696}.Release|Win32.Build.0 = Release|Win32
		{5703AE84-6971-49E5-AE13-615F03C67B8C}.Debug|Win32.ActiveCfg = Debug|Win32
		{5703AE84-6971-49E5-AE13-615F03C67B8C}.Debug|Win32.Build.0 = Debug|Win32
		{5703AE84-6971-49E5-AE13-615F03C67B8C}.Release|Win32.ActiveCfg = Release|Win32
		{5703AE84-6971-49E5-AE13-615F03C67B8C}.Release|Win32.Build.0 = Release|Win32
		{7B4B5C9C-38DF-4D66-8FB0-F46357AA95A4}.Debug|Win32.ActiveCfg = Debug|Win32
		{7B4B5C9C-38DF-4D66-8FB0-F46357AA95A4}.Debug|Win32.Build.0 = Debug|Win32
		{7B4B5C9C-38DF-4D66-8FB0-F46357AA95A4}.Release|Win32.ActiveCfg = Release|Win32
		{7B4B5C9C-38DF-4D66-8FB0-F46357AA95A4}.Release|Win32.Build.0 = Release|Win32
<<<<<<< HEAD
		{95CE18F3-3DC2-451E-9A90-1BA894E3176A}.Debug|Win32.ActiveCfg = Debug|Win32
		{95CE18F3-3DC2-451E-9A90-1BA894E3176A}.Debug|Win32.Build.0 = Debug|Win32
		{95CE18F3-3DC2-451E-9A90-1BA894E3176A}.Release|Win32.ActiveCfg = Release|Win32
		{95CE18F3-3DC2-451E-9A90-1BA894E3176A}.Release|Win32.Build.0 = Release|Win32
		{798B0147-3D25-4768-85C5-958E2AA1C410}.Debug|Win32.ActiveCfg = Debug|Win32
		{798B0147-3D25-4768-85C5-958E2AA1C410}.Debug|Win32.Build.0 = Debug|Win32
		{798B0147-3D25-4768-85C5-958E2AA1C410}.Release|Win32.ActiveCfg = Release|Win32
		{798B0147-3D25-4768-85C5-958E2AA1C410}.Release|Win32.Build.0 = Release|Win32
		{55DB2CD0-8532-4DFF-8A85-F900EE1E9B20}.Debug|Win32.ActiveCfg = Debug|Win32
		{55DB2CD0-8532-4DFF-8A85-F900EE1E9B20}.Debug|Win32.Build.0 = Debug|Win32
		{55DB2CD0-8532-4DFF-8A85-F900EE1E9B20}.Release|Win32.ActiveCfg = Release|Win32
		{55DB2CD0-8532-4DFF-8A85-F900EE1E9B20}.Release|Win32.Build.0 = Release|Win32
		{43FCE027-56A8-48DE-86F8-C38F46747FBA}.Debug|Win32.ActiveCfg = Debug|Win32
		{43FCE027-56A8-48DE-86F8-C38F46747FBA}.Debug|Win32.Build.0 = Debug|Win32
		{43FCE027-56A8-48DE-86F8-C38F46747FBA}.Release|Win32.ActiveCfg = Release|Win32
		{43FCE027-56A8-48DE-86F8-C38F46747FBA}.Release|Win32.Build.0 = Release|Win32
		{2B5CD8F2-2968-46BB-BCF3-E8D3F5661001}.Debug|Win32.ActiveCfg = Debug|Win32
		{2B5CD8F2-2968-46BB-BCF3-E8D3F5661001}.Debug|Win32.Build.0 = Debug|Win32
		{2B5CD8F2-2968-46BB-BCF3-E8D3F5661001}.Release|Win32.ActiveCfg = Release|Win32
		{2B5CD8F2-2968-46BB-BCF3-E8D3F5661001}.Release|Win32.Build.0 = Release|Win32
=======
		{59CE473D-8439-42E2-B009-7E7C313564F1}.Debug|Win32.ActiveCfg = Debug|Win32
		{59CE473D-8439-42E2-B009-7E7C313564F1}.Debug|Win32.Build.0 = Debug|Win32
		{59CE473D-8439-42E2-B009-7E7C313564F1}.Release|Win32.ActiveCfg = Release|Win32
		{59CE473D-8439-42E2-B009-7E7C313564F1}.Release|Win32.Build.0 = Release|Win32
>>>>>>> HW3
	EndGlobalSection
	GlobalSection(SolutionProperties) = preSolution
		HideSolutionNode = FALSE
	EndGlobalSection
EndGlobal
