
Microsoft Visual Studio Solution File, Format Version 12.00
# Visual Studio Express 2013 for Windows Desktop
VisualStudioVersion = 12.0.30110.0
MinimumVisualStudioVersion = 10.0.40219.1
Project("{8BC9CEB8-8B4A-11D0-8D11-00A0C91BC942}") = "Quiz1", "Quiz1\Quiz1.vcxproj", "{599DFE5B-CA34-49AA-80B2-961E4E63F909}"
EndProject
Project("{8BC9CEB8-8B4A-11D0-8D11-00A0C91BC942}") = "Quiz3", "Quiz3\Quiz3.vcxproj", "{799B54C4-8E8E-49A7-89EC-F8BE420F3E1D}"
EndProject
Global
	GlobalSection(SolutionConfigurationPlatforms) = preSolution
		Debug|Win32 = Debug|Win32
		Release|Win32 = Release|Win32
	EndGlobalSection
	GlobalSection(ProjectConfigurationPlatforms) = postSolution
		{599DFE5B-CA34-49AA-80B2-961E4E63F909}.Debug|Win32.ActiveCfg = Debug|Win32
		{599DFE5B-CA34-49AA-80B2-961E4E63F909}.Debug|Win32.Build.0 = Debug|Win32
		{599DFE5B-CA34-49AA-80B2-961E4E63F909}.Release|Win32.ActiveCfg = Release|Win32
		{599DFE5B-CA34-49AA-80B2-961E4E63F909}.Release|Win32.Build.0 = Release|Win32
		{799B54C4-8E8E-49A7-89EC-F8BE420F3E1D}.Debug|Win32.ActiveCfg = Debug|Win32
		{799B54C4-8E8E-49A7-89EC-F8BE420F3E1D}.Debug|Win32.Build.0 = Debug|Win32
		{799B54C4-8E8E-49A7-89EC-F8BE420F3E1D}.Release|Win32.ActiveCfg = Release|Win32
		{799B54C4-8E8E-49A7-89EC-F8BE420F3E1D}.Release|Win32.Build.0 = Release|Win32
	EndGlobalSection
	GlobalSection(SolutionProperties) = preSolution
		HideSolutionNode = FALSE
	EndGlobalSection
EndGlobal
