
Microsoft Visual Studio Solution File, Format Version 12.00
# Visual Studio Express 2013 for Windows Desktop
VisualStudioVersion = 12.0.30110.0
MinimumVisualStudioVersion = 10.0.40219.1
Project("{8BC9CEB8-8B4A-11D0-8D11-00A0C91BC942}") = "AverageWithForLoop", "Average\Average.vcxproj", "{C8435ED6-3AE1-4CC7-B44B-1238B8B23518}"
EndProject
Project("{8BC9CEB8-8B4A-11D0-8D11-00A0C91BC942}") = "AverageWithWhileLoop", "AverageWithWhileLoop\AverageWithWhileLoop.vcxproj", "{FA46C6FF-4F0B-4B15-96B0-EB97E4FDAF93}"
EndProject
Project("{8BC9CEB8-8B4A-11D0-8D11-00A0C91BC942}") = "SimpleMenu", "SimpleMenu\SimpleMenu.vcxproj", "{E4C24BCE-9FEC-4E78-BF05-154C91457635}"
EndProject
Project("{8BC9CEB8-8B4A-11D0-8D11-00A0C91BC942}") = "SimpleMenuWithSwithActions", "SimpleMenuWithSwithActions\SimpleMenuWithSwithActions.vcxproj", "{5307DB6E-DFD0-4ED2-A032-979E371671DD}"
EndProject
Project("{8BC9CEB8-8B4A-11D0-8D11-00A0C91BC942}") = "BasicsForLoops", "BasicsForLoops\BasicsForLoops.vcxproj", "{7F551B5E-4971-43FC-A5D1-9B704C74DE2A}"
EndProject
Global
	GlobalSection(SolutionConfigurationPlatforms) = preSolution
		Debug|Win32 = Debug|Win32
		Release|Win32 = Release|Win32
	EndGlobalSection
	GlobalSection(ProjectConfigurationPlatforms) = postSolution
		{C8435ED6-3AE1-4CC7-B44B-1238B8B23518}.Debug|Win32.ActiveCfg = Debug|Win32
		{C8435ED6-3AE1-4CC7-B44B-1238B8B23518}.Debug|Win32.Build.0 = Debug|Win32
		{C8435ED6-3AE1-4CC7-B44B-1238B8B23518}.Release|Win32.ActiveCfg = Release|Win32
		{C8435ED6-3AE1-4CC7-B44B-1238B8B23518}.Release|Win32.Build.0 = Release|Win32
		{FA46C6FF-4F0B-4B15-96B0-EB97E4FDAF93}.Debug|Win32.ActiveCfg = Debug|Win32
		{FA46C6FF-4F0B-4B15-96B0-EB97E4FDAF93}.Debug|Win32.Build.0 = Debug|Win32
		{FA46C6FF-4F0B-4B15-96B0-EB97E4FDAF93}.Release|Win32.ActiveCfg = Release|Win32
		{FA46C6FF-4F0B-4B15-96B0-EB97E4FDAF93}.Release|Win32.Build.0 = Release|Win32
		{E4C24BCE-9FEC-4E78-BF05-154C91457635}.Debug|Win32.ActiveCfg = Debug|Win32
		{E4C24BCE-9FEC-4E78-BF05-154C91457635}.Debug|Win32.Build.0 = Debug|Win32
		{E4C24BCE-9FEC-4E78-BF05-154C91457635}.Release|Win32.ActiveCfg = Release|Win32
		{E4C24BCE-9FEC-4E78-BF05-154C91457635}.Release|Win32.Build.0 = Release|Win32
		{5307DB6E-DFD0-4ED2-A032-979E371671DD}.Debug|Win32.ActiveCfg = Debug|Win32
		{5307DB6E-DFD0-4ED2-A032-979E371671DD}.Debug|Win32.Build.0 = Debug|Win32
		{5307DB6E-DFD0-4ED2-A032-979E371671DD}.Release|Win32.ActiveCfg = Release|Win32
		{5307DB6E-DFD0-4ED2-A032-979E371671DD}.Release|Win32.Build.0 = Release|Win32
		{7F551B5E-4971-43FC-A5D1-9B704C74DE2A}.Debug|Win32.ActiveCfg = Debug|Win32
		{7F551B5E-4971-43FC-A5D1-9B704C74DE2A}.Debug|Win32.Build.0 = Debug|Win32
		{7F551B5E-4971-43FC-A5D1-9B704C74DE2A}.Release|Win32.ActiveCfg = Release|Win32
		{7F551B5E-4971-43FC-A5D1-9B704C74DE2A}.Release|Win32.Build.0 = Release|Win32
	EndGlobalSection
	GlobalSection(SolutionProperties) = preSolution
		HideSolutionNode = FALSE
	EndGlobalSection
EndGlobal
