
Microsoft Visual Studio Solution File, Format Version 12.00
# Visual Studio Express 2013 for Windows Desktop
VisualStudioVersion = 12.0.30110.0
MinimumVisualStudioVersion = 10.0.40219.1
Project("{8BC9CEB8-8B4A-11D0-8D11-00A0C91BC942}") = "AverageWithForLoop", "Average\Average.vcxproj", "{C8435ED6-3AE1-4CC7-B44B-1238B8B23518}"
EndProject
Project("{8BC9CEB8-8B4A-11D0-8D11-00A0C91BC942}") = "AverageWithWhileLoop", "AverageWithWhileLoop\AverageWithWhileLoop.vcxproj", "{FA46C6FF-4F0B-4B15-96B0-EB97E4FDAF93}"
EndProject
Global
	GlobalSection(SolutionConfigurationPlatforms) = preSolution
		Debug|Win32 = Debug|Win32
		Release|Win32 = Release|Win32
	EndGlobalSection
	GlobalSection(ProjectConfigurationPlatforms) = postSolution
		{C8435ED6-3AE1-4CC7-B44B-1238B8B23518}.Debug|Win32.ActiveCfg = Debug|Win32
		{C8435ED6-3AE1-4CC7-B44B-1238B8B23518}.Debug|Win32.Build.0 = Debug|Win32
		{C8435ED6-3AE1-4CC7-B44B-1238B8B23518}.Release|Win32.ActiveCfg = Release|Win32
		{C8435ED6-3AE1-4CC7-B44B-1238B8B23518}.Release|Win32.Build.0 = Release|Win32
		{FA46C6FF-4F0B-4B15-96B0-EB97E4FDAF93}.Debug|Win32.ActiveCfg = Debug|Win32
		{FA46C6FF-4F0B-4B15-96B0-EB97E4FDAF93}.Debug|Win32.Build.0 = Debug|Win32
		{FA46C6FF-4F0B-4B15-96B0-EB97E4FDAF93}.Release|Win32.ActiveCfg = Release|Win32
		{FA46C6FF-4F0B-4B15-96B0-EB97E4FDAF93}.Release|Win32.Build.0 = Release|Win32
	EndGlobalSection
	GlobalSection(SolutionProperties) = preSolution
		HideSolutionNode = FALSE
	EndGlobalSection
EndGlobal
